// !$*UTF8*$!
{
	archiveVersion = 1;
	classes = {
	};
	objectVersion = 46;
	objects = {

/* Begin PBXBuildFile section */
		01EE38121C6110CB00F97A38 /* AppDelegate.swift in Sources */ = {isa = PBXBuildFile; fileRef = 01EE38111C6110CB00F97A38 /* AppDelegate.swift */; };
		01EE38191C6110CB00F97A38 /* Assets.xcassets in Resources */ = {isa = PBXBuildFile; fileRef = 01EE38181C6110CB00F97A38 /* Assets.xcassets */; };
		01EE381C1C6110CB00F97A38 /* LaunchScreen.storyboard in Resources */ = {isa = PBXBuildFile; fileRef = 01EE381A1C6110CB00F97A38 /* LaunchScreen.storyboard */; };
		01EE38271C6110CB00F97A38 /* MentorShiftTests.swift in Sources */ = {isa = PBXBuildFile; fileRef = 01EE38261C6110CB00F97A38 /* MentorShiftTests.swift */; };
		01EE38321C6110CB00F97A38 /* MentorShiftUITests.swift in Sources */ = {isa = PBXBuildFile; fileRef = 01EE38311C6110CB00F97A38 /* MentorShiftUITests.swift */; };
		01EE38431C61121900F97A38 /* ShiftListViewController.swift in Sources */ = {isa = PBXBuildFile; fileRef = 01EE38421C61121900F97A38 /* ShiftListViewController.swift */; };
		01EE38451C61124100F97A38 /* ShiftListView.swift in Sources */ = {isa = PBXBuildFile; fileRef = 01EE38441C61124100F97A38 /* ShiftListView.swift */; };
		01EE38471C61124C00F97A38 /* ShiftListViewModel.swift in Sources */ = {isa = PBXBuildFile; fileRef = 01EE38461C61124C00F97A38 /* ShiftListViewModel.swift */; };
/* End PBXBuildFile section */

/* Begin PBXContainerItemProxy section */
		01EE38231C6110CB00F97A38 /* PBXContainerItemProxy */ = {
			isa = PBXContainerItemProxy;
			containerPortal = 01EE38061C6110CB00F97A38 /* Project object */;
			proxyType = 1;
			remoteGlobalIDString = 01EE380D1C6110CB00F97A38;
			remoteInfo = MentorShift;
		};
		01EE382E1C6110CB00F97A38 /* PBXContainerItemProxy */ = {
			isa = PBXContainerItemProxy;
			containerPortal = 01EE38061C6110CB00F97A38 /* Project object */;
			proxyType = 1;
			remoteGlobalIDString = 01EE380D1C6110CB00F97A38;
			remoteInfo = MentorShift;
		};
/* End PBXContainerItemProxy section */

/* Begin PBXFileReference section */
		01EE380E1C6110CB00F97A38 /* MentorShift.app */ = {isa = PBXFileReference; explicitFileType = wrapper.application; includeInIndex = 0; path = MentorShift.app; sourceTree = BUILT_PRODUCTS_DIR; };
		01EE38111C6110CB00F97A38 /* AppDelegate.swift */ = {isa = PBXFileReference; lastKnownFileType = sourcecode.swift; path = AppDelegate.swift; sourceTree = "<group>"; };
		01EE38181C6110CB00F97A38 /* Assets.xcassets */ = {isa = PBXFileReference; lastKnownFileType = folder.assetcatalog; path = Assets.xcassets; sourceTree = "<group>"; };
		01EE381B1C6110CB00F97A38 /* Base */ = {isa = PBXFileReference; lastKnownFileType = file.storyboard; name = Base; path = Base.lproj/LaunchScreen.storyboard; sourceTree = "<group>"; };
		01EE381D1C6110CB00F97A38 /* Info.plist */ = {isa = PBXFileReference; lastKnownFileType = text.plist.xml; path = Info.plist; sourceTree = "<group>"; };
		01EE38221C6110CB00F97A38 /* MentorShiftTests.xctest */ = {isa = PBXFileReference; explicitFileType = wrapper.cfbundle; includeInIndex = 0; path = MentorShiftTests.xctest; sourceTree = BUILT_PRODUCTS_DIR; };
		01EE38261C6110CB00F97A38 /* MentorShiftTests.swift */ = {isa = PBXFileReference; lastKnownFileType = sourcecode.swift; path = MentorShiftTests.swift; sourceTree = "<group>"; };
		01EE38281C6110CB00F97A38 /* Info.plist */ = {isa = PBXFileReference; lastKnownFileType = text.plist.xml; path = Info.plist; sourceTree = "<group>"; };
		01EE382D1C6110CB00F97A38 /* MentorShiftUITests.xctest */ = {isa = PBXFileReference; explicitFileType = wrapper.cfbundle; includeInIndex = 0; path = MentorShiftUITests.xctest; sourceTree = BUILT_PRODUCTS_DIR; };
		01EE38311C6110CB00F97A38 /* MentorShiftUITests.swift */ = {isa = PBXFileReference; lastKnownFileType = sourcecode.swift; path = MentorShiftUITests.swift; sourceTree = "<group>"; };
		01EE38331C6110CB00F97A38 /* Info.plist */ = {isa = PBXFileReference; lastKnownFileType = text.plist.xml; path = Info.plist; sourceTree = "<group>"; };
		01EE38421C61121900F97A38 /* ShiftListViewController.swift */ = {isa = PBXFileReference; fileEncoding = 4; lastKnownFileType = sourcecode.swift; path = ShiftListViewController.swift; sourceTree = "<group>"; };
		01EE38441C61124100F97A38 /* ShiftListView.swift */ = {isa = PBXFileReference; fileEncoding = 4; lastKnownFileType = sourcecode.swift; path = ShiftListView.swift; sourceTree = "<group>"; };
		01EE38461C61124C00F97A38 /* ShiftListViewModel.swift */ = {isa = PBXFileReference; fileEncoding = 4; lastKnownFileType = sourcecode.swift; path = ShiftListViewModel.swift; sourceTree = "<group>"; };
/* End PBXFileReference section */

/* Begin PBXFrameworksBuildPhase section */
		01EE380B1C6110CB00F97A38 /* Frameworks */ = {
			isa = PBXFrameworksBuildPhase;
			buildActionMask = 2147483647;
			files = (
			);
			runOnlyForDeploymentPostprocessing = 0;
		};
		01EE381F1C6110CB00F97A38 /* Frameworks */ = {
			isa = PBXFrameworksBuildPhase;
			buildActionMask = 2147483647;
			files = (
			);
			runOnlyForDeploymentPostprocessing = 0;
		};
		01EE382A1C6110CB00F97A38 /* Frameworks */ = {
			isa = PBXFrameworksBuildPhase;
			buildActionMask = 2147483647;
			files = (
			);
			runOnlyForDeploymentPostprocessing = 0;
		};
/* End PBXFrameworksBuildPhase section */

/* Begin PBXGroup section */
		01EE38051C6110CB00F97A38 = {
			isa = PBXGroup;
			children = (
				01EE38101C6110CB00F97A38 /* MentorShift */,
				01EE38251C6110CB00F97A38 /* MentorShiftTests */,
				01EE38301C6110CB00F97A38 /* MentorShiftUITests */,
				01EE380F1C6110CB00F97A38 /* Products */,
			);
			sourceTree = "<group>";
		};
		01EE380F1C6110CB00F97A38 /* Products */ = {
			isa = PBXGroup;
			children = (
				01EE380E1C6110CB00F97A38 /* MentorShift.app */,
				01EE38221C6110CB00F97A38 /* MentorShiftTests.xctest */,
				01EE382D1C6110CB00F97A38 /* MentorShiftUITests.xctest */,
			);
			name = Products;
			sourceTree = "<group>";
		};
		01EE38101C6110CB00F97A38 /* MentorShift */ = {
			isa = PBXGroup;
			children = (
				01EE38401C6111A900F97A38 /* Scenes */,
				01EE383F1C61111400F97A38 /* Application */,
			);
			path = MentorShift;
			sourceTree = "<group>";
		};
		01EE38251C6110CB00F97A38 /* MentorShiftTests */ = {
			isa = PBXGroup;
			children = (
				01EE38261C6110CB00F97A38 /* MentorShiftTests.swift */,
				01EE38281C6110CB00F97A38 /* Info.plist */,
			);
			path = MentorShiftTests;
			sourceTree = "<group>";
		};
		01EE38301C6110CB00F97A38 /* MentorShiftUITests */ = {
			isa = PBXGroup;
			children = (
				01EE38311C6110CB00F97A38 /* MentorShiftUITests.swift */,
				01EE38331C6110CB00F97A38 /* Info.plist */,
			);
			path = MentorShiftUITests;
			sourceTree = "<group>";
		};
		01EE383F1C61111400F97A38 /* Application */ = {
			isa = PBXGroup;
			children = (
				01EE38111C6110CB00F97A38 /* AppDelegate.swift */,
				01EE38181C6110CB00F97A38 /* Assets.xcassets */,
				01EE381A1C6110CB00F97A38 /* LaunchScreen.storyboard */,
				01EE381D1C6110CB00F97A38 /* Info.plist */,
			);
			name = Application;
			sourceTree = "<group>";
		};
		01EE38401C6111A900F97A38 /* Scenes */ = {
			isa = PBXGroup;
			children = (
				01EE38411C6111B000F97A38 /* ShiftList */,
			);
			name = Scenes;
			sourceTree = "<group>";
		};
		01EE38411C6111B000F97A38 /* ShiftList */ = {
			isa = PBXGroup;
			children = (
				01EE38421C61121900F97A38 /* ShiftListViewController.swift */,
				01EE38441C61124100F97A38 /* ShiftListView.swift */,
				01EE38461C61124C00F97A38 /* ShiftListViewModel.swift */,
				01EE38481C61125600F97A38 /* ShiftList.storyboard */,
			);
			name = ShiftList;
			sourceTree = "<group>";
		};
/* End PBXGroup section */

/* Begin PBXNativeTarget section */
		01EE380D1C6110CB00F97A38 /* MentorShift */ = {
			isa = PBXNativeTarget;
			buildConfigurationList = 01EE38361C6110CB00F97A38 /* Build configuration list for PBXNativeTarget "MentorShift" */;
			buildPhases = (
				01EE380A1C6110CB00F97A38 /* Sources */,
				01EE380B1C6110CB00F97A38 /* Frameworks */,
				01EE380C1C6110CB00F97A38 /* Resources */,
			);
			buildRules = (
			);
			dependencies = (
			);
			name = MentorShift;
			productName = MentorShift;
			productReference = 01EE380E1C6110CB00F97A38 /* MentorShift.app */;
			productType = "com.apple.product-type.application";
		};
		01EE38211C6110CB00F97A38 /* MentorShiftTests */ = {
			isa = PBXNativeTarget;
			buildConfigurationList = 01EE38391C6110CB00F97A38 /* Build configuration list for PBXNativeTarget "MentorShiftTests" */;
			buildPhases = (
				01EE381E1C6110CB00F97A38 /* Sources */,
				01EE381F1C6110CB00F97A38 /* Frameworks */,
				01EE38201C6110CB00F97A38 /* Resources */,
			);
			buildRules = (
			);
			dependencies = (
				01EE38241C6110CB00F97A38 /* PBXTargetDependency */,
			);
			name = MentorShiftTests;
			productName = MentorShiftTests;
			productReference = 01EE38221C6110CB00F97A38 /* MentorShiftTests.xctest */;
			productType = "com.apple.product-type.bundle.unit-test";
		};
		01EE382C1C6110CB00F97A38 /* MentorShiftUITests */ = {
			isa = PBXNativeTarget;
			buildConfigurationList = 01EE383C1C6110CB00F97A38 /* Build configuration list for PBXNativeTarget "MentorShiftUITests" */;
			buildPhases = (
				01EE38291C6110CB00F97A38 /* Sources */,
				01EE382A1C6110CB00F97A38 /* Frameworks */,
				01EE382B1C6110CB00F97A38 /* Resources */,
			);
			buildRules = (
			);
			dependencies = (
				01EE382F1C6110CB00F97A38 /* PBXTargetDependency */,
			);
			name = MentorShiftUITests;
			productName = MentorShiftUITests;
			productReference = 01EE382D1C6110CB00F97A38 /* MentorShiftUITests.xctest */;
			productType = "com.apple.product-type.bundle.ui-testing";
		};
/* End PBXNativeTarget section */

/* Begin PBXProject section */
		01EE38061C6110CB00F97A38 /* Project object */ = {
			isa = PBXProject;
			attributes = {
				LastSwiftUpdateCheck = 0720;
				LastUpgradeCheck = 0720;
				ORGANIZATIONNAME = "yuta-t";
				TargetAttributes = {
					01EE380D1C6110CB00F97A38 = {
						CreatedOnToolsVersion = 7.2;
						DevelopmentTeam = 3Q5T2U5U25;
					};
					01EE38211C6110CB00F97A38 = {
						CreatedOnToolsVersion = 7.2;
						DevelopmentTeam = 3Q5T2U5U25;
						TestTargetID = 01EE380D1C6110CB00F97A38;
					};
					01EE382C1C6110CB00F97A38 = {
						CreatedOnToolsVersion = 7.2;
						DevelopmentTeam = 3Q5T2U5U25;
						TestTargetID = 01EE380D1C6110CB00F97A38;
					};
				};
			};
			buildConfigurationList = 01EE38091C6110CB00F97A38 /* Build configuration list for PBXProject "MentorShift" */;
			compatibilityVersion = "Xcode 3.2";
			developmentRegion = English;
			hasScannedForEncodings = 0;
			knownRegions = (
				en,
				Base,
			);
			mainGroup = 01EE38051C6110CB00F97A38;
			productRefGroup = 01EE380F1C6110CB00F97A38 /* Products */;
			projectDirPath = "";
			projectRoot = "";
			targets = (
				01EE380D1C6110CB00F97A38 /* MentorShift */,
				01EE38211C6110CB00F97A38 /* MentorShiftTests */,
				01EE382C1C6110CB00F97A38 /* MentorShiftUITests */,
			);
		};
/* End PBXProject section */

/* Begin PBXResourcesBuildPhase section */
		01EE380C1C6110CB00F97A38 /* Resources */ = {
			isa = PBXResourcesBuildPhase;
			buildActionMask = 2147483647;
			files = (
				01EE381C1C6110CB00F97A38 /* LaunchScreen.storyboard in Resources */,
				01EE38191C6110CB00F97A38 /* Assets.xcassets in Resources */,
			);
			runOnlyForDeploymentPostprocessing = 0;
		};
		01EE38201C6110CB00F97A38 /* Resources */ = {
			isa = PBXResourcesBuildPhase;
			buildActionMask = 2147483647;
			files = (
			);
			runOnlyForDeploymentPostprocessing = 0;
		};
		01EE382B1C6110CB00F97A38 /* Resources */ = {
			isa = PBXResourcesBuildPhase;
			buildActionMask = 2147483647;
			files = (
			);
			runOnlyForDeploymentPostprocessing = 0;
		};
/* End PBXResourcesBuildPhase section */

/* Begin PBXSourcesBuildPhase section */
		01EE380A1C6110CB00F97A38 /* Sources */ = {
			isa = PBXSourcesBuildPhase;
			buildActionMask = 2147483647;
			files = (
				01EE38121C6110CB00F97A38 /* AppDelegate.swift in Sources */,
				01EE38471C61124C00F97A38 /* ShiftListViewModel.swift in Sources */,
				01EE38431C61121900F97A38 /* ShiftListViewController.swift in Sources */,
				01EE38451C61124100F97A38 /* ShiftListView.swift in Sources */,
			);
			runOnlyForDeploymentPostprocessing = 0;
		};
		01EE381E1C6110CB00F97A38 /* Sources */ = {
			isa = PBXSourcesBuildPhase;
			buildActionMask = 2147483647;
			files = (
				01EE38271C6110CB00F97A38 /* MentorShiftTests.swift in Sources */,
			);
			runOnlyForDeploymentPostprocessing = 0;
		};
		01EE38291C6110CB00F97A38 /* Sources */ = {
			isa = PBXSourcesBuildPhase;
			buildActionMask = 2147483647;
			files = (
				01EE38321C6110CB00F97A38 /* MentorShiftUITests.swift in Sources */,
			);
			runOnlyForDeploymentPostprocessing = 0;
		};
/* End PBXSourcesBuildPhase section */

/* Begin PBXTargetDependency section */
		01EE38241C6110CB00F97A38 /* PBXTargetDependency */ = {
			isa = PBXTargetDependency;
			target = 01EE380D1C6110CB00F97A38 /* MentorShift */;
			targetProxy = 01EE38231C6110CB00F97A38 /* PBXContainerItemProxy */;
		};
		01EE382F1C6110CB00F97A38 /* PBXTargetDependency */ = {
			isa = PBXTargetDependency;
			target = 01EE380D1C6110CB00F97A38 /* MentorShift */;
			targetProxy = 01EE382E1C6110CB00F97A38 /* PBXContainerItemProxy */;
		};
/* End PBXTargetDependency section */

/* Begin PBXVariantGroup section */
		01EE381A1C6110CB00F97A38 /* LaunchScreen.storyboard */ = {
			isa = PBXVariantGroup;
			children = (
				01EE381B1C6110CB00F97A38 /* Base */,
			);
			name = LaunchScreen.storyboard;
			sourceTree = "<group>";
		};
/* End PBXVariantGroup section */

/* Begin XCBuildConfiguration section */
		01EE38341C6110CB00F97A38 /* Debug */ = {
			isa = XCBuildConfiguration;
			buildSettings = {
				ALWAYS_SEARCH_USER_PATHS = NO;
				CLANG_CXX_LANGUAGE_STANDARD = "gnu++0x";
				CLANG_CXX_LIBRARY = "libc++";
				CLANG_ENABLE_MODULES = YES;
				CLANG_ENABLE_OBJC_ARC = YES;
				CLANG_WARN_BOOL_CONVERSION = YES;
				CLANG_WARN_CONSTANT_CONVERSION = YES;
				CLANG_WARN_DIRECT_OBJC_ISA_USAGE = YES_ERROR;
				CLANG_WARN_EMPTY_BODY = YES;
				CLANG_WARN_ENUM_CONVERSION = YES;
				CLANG_WARN_INT_CONVERSION = YES;
				CLANG_WARN_OBJC_ROOT_CLASS = YES_ERROR;
				CLANG_WARN_UNREACHABLE_CODE = YES;
				CLANG_WARN__DUPLICATE_METHOD_MATCH = YES;
				"CODE_SIGN_IDENTITY[sdk=iphoneos*]" = "iPhone Developer";
				COPY_PHASE_STRIP = NO;
				DEBUG_INFORMATION_FORMAT = dwarf;
				ENABLE_STRICT_OBJC_MSGSEND = YES;
				ENABLE_TESTABILITY = YES;
				GCC_C_LANGUAGE_STANDARD = gnu99;
				GCC_DYNAMIC_NO_PIC = NO;
				GCC_NO_COMMON_BLOCKS = YES;
				GCC_OPTIMIZATION_LEVEL = 0;
				GCC_PREPROCESSOR_DEFINITIONS = (
					"DEBUG=1",
					"$(inherited)",
				);
				GCC_WARN_64_TO_32_BIT_CONVERSION = YES;
				GCC_WARN_ABOUT_RETURN_TYPE = YES_ERROR;
				GCC_WARN_UNDECLARED_SELECTOR = YES;
				GCC_WARN_UNINITIALIZED_AUTOS = YES_AGGRESSIVE;
				GCC_WARN_UNUSED_FUNCTION = YES;
				GCC_WARN_UNUSED_VARIABLE = YES;
				IPHONEOS_DEPLOYMENT_TARGET = 9.2;
				MTL_ENABLE_DEBUG_INFO = YES;
				ONLY_ACTIVE_ARCH = YES;
				SDKROOT = iphoneos;
				SWIFT_OPTIMIZATION_LEVEL = "-Onone";
				TARGETED_DEVICE_FAMILY = "1,2";
			};
			name = Debug;
		};
		01EE38351C6110CB00F97A38 /* Release */ = {
			isa = XCBuildConfiguration;
			buildSettings = {
				ALWAYS_SEARCH_USER_PATHS = NO;
				CLANG_CXX_LANGUAGE_STANDARD = "gnu++0x";
				CLANG_CXX_LIBRARY = "libc++";
				CLANG_ENABLE_MODULES = YES;
				CLANG_ENABLE_OBJC_ARC = YES;
				CLANG_WARN_BOOL_CONVERSION = YES;
				CLANG_WARN_CONSTANT_CONVERSION = YES;
				CLANG_WARN_DIRECT_OBJC_ISA_USAGE = YES_ERROR;
				CLANG_WARN_EMPTY_BODY = YES;
				CLANG_WARN_ENUM_CONVERSION = YES;
				CLANG_WARN_INT_CONVERSION = YES;
				CLANG_WARN_OBJC_ROOT_CLASS = YES_ERROR;
				CLANG_WARN_UNREACHABLE_CODE = YES;
				CLANG_WARN__DUPLICATE_METHOD_MATCH = YES;
				"CODE_SIGN_IDENTITY[sdk=iphoneos*]" = "iPhone Developer";
				COPY_PHASE_STRIP = NO;
				DEBUG_INFORMATION_FORMAT = "dwarf-with-dsym";
				ENABLE_NS_ASSERTIONS = NO;
				ENABLE_STRICT_OBJC_MSGSEND = YES;
				GCC_C_LANGUAGE_STANDARD = gnu99;
				GCC_NO_COMMON_BLOCKS = YES;
				GCC_WARN_64_TO_32_BIT_CONVERSION = YES;
				GCC_WARN_ABOUT_RETURN_TYPE = YES_ERROR;
				GCC_WARN_UNDECLARED_SELECTOR = YES;
				GCC_WARN_UNINITIALIZED_AUTOS = YES_AGGRESSIVE;
				GCC_WARN_UNUSED_FUNCTION = YES;
				GCC_WARN_UNUSED_VARIABLE = YES;
				IPHONEOS_DEPLOYMENT_TARGET = 9.2;
				MTL_ENABLE_DEBUG_INFO = NO;
				SDKROOT = iphoneos;
				TARGETED_DEVICE_FAMILY = "1,2";
				VALIDATE_PRODUCT = YES;
			};
			name = Release;
		};
		01EE38371C6110CB00F97A38 /* Debug */ = {
			isa = XCBuildConfiguration;
			buildSettings = {
				ASSETCATALOG_COMPILER_APPICON_NAME = AppIcon;
				INFOPLIST_FILE = MentorShift/Info.plist;
				LD_RUNPATH_SEARCH_PATHS = "$(inherited) @executable_path/Frameworks";
				PRODUCT_BUNDLE_IDENTIFIER = "jp.yuta-t.MentorShift";
				PRODUCT_NAME = "$(TARGET_NAME)";
			};
			name = Debug;
		};
		01EE38381C6110CB00F97A38 /* Release */ = {
			isa = XCBuildConfiguration;
			buildSettings = {
				ASSETCATALOG_COMPILER_APPICON_NAME = AppIcon;
				INFOPLIST_FILE = MentorShift/Info.plist;
				LD_RUNPATH_SEARCH_PATHS = "$(inherited) @executable_path/Frameworks";
				PRODUCT_BUNDLE_IDENTIFIER = "jp.yuta-t.MentorShift";
				PRODUCT_NAME = "$(TARGET_NAME)";
			};
			name = Release;
		};
		01EE383A1C6110CB00F97A38 /* Debug */ = {
			isa = XCBuildConfiguration;
			buildSettings = {
				BUNDLE_LOADER = "$(TEST_HOST)";
				INFOPLIST_FILE = MentorShiftTests/Info.plist;
				LD_RUNPATH_SEARCH_PATHS = "$(inherited) @executable_path/Frameworks @loader_path/Frameworks";
				PRODUCT_BUNDLE_IDENTIFIER = "jp.yuta-t.MentorShiftTests";
				PRODUCT_NAME = "$(TARGET_NAME)";
				TEST_HOST = "$(BUILT_PRODUCTS_DIR)/MentorShift.app/MentorShift";
			};
			name = Debug;
		};
		01EE383B1C6110CB00F97A38 /* Release */ = {
			isa = XCBuildConfiguration;
			buildSettings = {
				BUNDLE_LOADER = "$(TEST_HOST)";
				INFOPLIST_FILE = MentorShiftTests/Info.plist;
				LD_RUNPATH_SEARCH_PATHS = "$(inherited) @executable_path/Frameworks @loader_path/Frameworks";
				PRODUCT_BUNDLE_IDENTIFIER = "jp.yuta-t.MentorShiftTests";
				PRODUCT_NAME = "$(TARGET_NAME)";
				TEST_HOST = "$(BUILT_PRODUCTS_DIR)/MentorShift.app/MentorShift";
			};
			name = Release;
		};
		01EE383D1C6110CB00F97A38 /* Debug */ = {
			isa = XCBuildConfiguration;
			buildSettings = {
				INFOPLIST_FILE = MentorShiftUITests/Info.plist;
				LD_RUNPATH_SEARCH_PATHS = "$(inherited) @executable_path/Frameworks @loader_path/Frameworks";
				PRODUCT_BUNDLE_IDENTIFIER = "jp.yuta-t.MentorShiftUITests";
				PRODUCT_NAME = "$(TARGET_NAME)";
				TEST_TARGET_NAME = MentorShift;
				USES_XCTRUNNER = YES;
			};
			name = Debug;
		};
		01EE383E1C6110CB00F97A38 /* Release */ = {
			isa = XCBuildConfiguration;
			buildSettings = {
				INFOPLIST_FILE = MentorShiftUITests/Info.plist;
				LD_RUNPATH_SEARCH_PATHS = "$(inherited) @executable_path/Frameworks @loader_path/Frameworks";
				PRODUCT_BUNDLE_IDENTIFIER = "jp.yuta-t.MentorShiftUITests";
				PRODUCT_NAME = "$(TARGET_NAME)";
				TEST_TARGET_NAME = MentorShift;
				USES_XCTRUNNER = YES;
			};
			name = Release;
		};
/* End XCBuildConfiguration section */

/* Begin XCConfigurationList section */
		01EE38091C6110CB00F97A38 /* Build configuration list for PBXProject "MentorShift" */ = {
			isa = XCConfigurationList;
			buildConfigurations = (
				01EE38341C6110CB00F97A38 /* Debug */,
				01EE38351C6110CB00F97A38 /* Release */,
			);
			defaultConfigurationIsVisible = 0;
			defaultConfigurationName = Release;
		};
		01EE38361C6110CB00F97A38 /* Build configuration list for PBXNativeTarget "MentorShift" */ = {
			isa = XCConfigurationList;
			buildConfigurations = (
				01EE38371C6110CB00F97A38 /* Debug */,
				01EE38381C6110CB00F97A38 /* Release */,
			);
			defaultConfigurationIsVisible = 0;
		};
		01EE38391C6110CB00F97A38 /* Build configuration list for PBXNativeTarget "MentorShiftTests" */ = {
			isa = XCConfigurationList;
			buildConfigurations = (
				01EE383A1C6110CB00F97A38 /* Debug */,
				01EE383B1C6110CB00F97A38 /* Release */,
			);
			defaultConfigurationIsVisible = 0;
		};
		01EE383C1C6110CB00F97A38 /* Build configuration list for PBXNativeTarget "MentorShiftUITests" */ = {
			isa = XCConfigurationList;
			buildConfigurations = (
				01EE383D1C6110CB00F97A38 /* Debug */,
				01EE383E1C6110CB00F97A38 /* Release */,
			);
			defaultConfigurationIsVisible = 0;
		};
/* End XCConfigurationList section */
	};
	rootObject = 01EE38061C6110CB00F97A38 /* Project object */;
}
